
Microsoft Visual Studio Solution File, Format Version 12.00
# Visual Studio 15
VisualStudioVersion = 15.0.27130.2027
MinimumVisualStudioVersion = 10.0.40219.1
Project("{FAE04EC0-301F-11D3-BF4B-00C04F79EFBC}") = "Assignment6", "Assignment6\Assignment6.csproj", "{00434B8B-269A-431F-87C6-9C04575ECC2A}"
EndProject
Global
	GlobalSection(SolutionConfigurationPlatforms) = preSolution
		Debug|Any CPU = Debug|Any CPU
		Release|Any CPU = Release|Any CPU
	EndGlobalSection
	GlobalSection(ProjectConfigurationPlatforms) = postSolution
		{00434B8B-269A-431F-87C6-9C04575ECC2A}.Debug|Any CPU.ActiveCfg = Debug|Any CPU
		{00434B8B-269A-431F-87C6-9C04575ECC2A}.Debug|Any CPU.Build.0 = Debug|Any CPU
		{00434B8B-269A-431F-87C6-9C04575ECC2A}.Release|Any CPU.ActiveCfg = Release|Any CPU
		{00434B8B-269A-431F-87C6-9C04575ECC2A}.Release|Any CPU.Build.0 = Release|Any CPU
	EndGlobalSection
	GlobalSection(SolutionProperties) = preSolution
		HideSolutionNode = FALSE
	EndGlobalSection
	GlobalSection(ExtensibilityGlobals) = postSolution
		SolutionGuid = {D349CCFA-73E5-4E81-9E62-70B1A9996F09}
	EndGlobalSection
EndGlobal
